PODS:
  - AFNetworking (3.1.0):
    - AFNetworking/NSURLSession (= 3.1.0)
    - AFNetworking/Reachability (= 3.1.0)
    - AFNetworking/Security (= 3.1.0)
    - AFNetworking/Serialization (= 3.1.0)
    - AFNetworking/UIKit (= 3.1.0)
  - AFNetworking/NSURLSession (3.1.0):
    - AFNetworking/Reachability
    - AFNetworking/Security
    - AFNetworking/Serialization
  - AFNetworking/Reachability (3.1.0)
  - AFNetworking/Security (3.1.0)
  - AFNetworking/Serialization (3.1.0)
  - AFNetworking/UIKit (3.1.0):
    - AFNetworking/NSURLSession
  - FMDB (2.0):
    - FMDB/standard (= 2.0)
  - FMDB/common (2.0)
  - FMDB/standard (2.0):
    - FMDB/common
  - MBProgressHUD (1.0.0)
  - MJRefresh (1.0.5)
  - SDWebImage (3.8.1):
    - SDWebImage/Core (= 3.8.1)
  - SDWebImage/Core (3.8.1)

DEPENDENCIES:
  - AFNetworking (~> 3.1.0)
  - FMDB (= 2.0)
  - MBProgressHUD (~> 1.0)
  - MJRefresh (~> 1.0.0)
  - SDWebImage (~> 3.8)

SPEC CHECKSUMS:
  AFNetworking: 5e0e199f73d8626b11e79750991f5d173d1f8b67
  FMDB: 53a38a2a564e755f2e9a075418d5167557403105
  MBProgressHUD: 4890f671c94e8a0f3cf959aa731e9de2f036d71a
  MJRefresh: eec7cb8ba267cb54bf72cf43889b1797ce4310b4
  SDWebImage: 35f9627a3e44b4f292a8a8ce6a531fa488239b91

PODFILE CHECKSUM: 58ed989144fd64d01d09eb24a45b006a26bed40c

COCOAPODS: 1.0.1
